// !$*UTF8*$!
{
	archiveVersion = 1;
	classes = {
	};
	objectVersion = 77;
	objects = {

/* Begin PBXBuildFile section */
		097B85B7F8800003F460BB38 /* WeekRaceAttributes.swift in Sources */ = {isa = PBXBuildFile; fileRef = EF5750423D4BD3D6E210C55A /* WeekRaceAttributes.swift */; };
		1B7D1AA8FF3FD1E54A0CB586 /* AnyGivenPickWidgets.swift in Sources */ = {isa = PBXBuildFile; fileRef = 4C6D47BAB8D082728F0170A6 /* AnyGivenPickWidgets.swift */; };
		2D0D84D420A26042EF7674ED /* HealthStatusTests.swift in Sources */ = {isa = PBXBuildFile; fileRef = 1D11044919F40B0205956554 /* HealthStatusTests.swift */; };
		41205106C1C16DBA805FF49C /* AppRootView.swift in Sources */ = {isa = PBXBuildFile; fileRef = 60436C093789ABD0B0239172 /* AppRootView.swift */; };
		41A375539F49CE794D94CC6E /* AGPTheme.swift in Sources */ = {isa = PBXBuildFile; fileRef = 87D7E9343A274EF20CD248AE /* AGPTheme.swift */; };
		483CBA3A3B6B213C19E35619 /* AppModel.swift in Sources */ = {isa = PBXBuildFile; fileRef = 9365E53149CE22F534749758 /* AppModel.swift */; };
		5A6ADC169666CEFF04DF3AA2 /* AppShellView.swift in Sources */ = {isa = PBXBuildFile; fileRef = 2B030758FC7800DDD107EABA /* AppShellView.swift */; };
		7A552194C544D13FAE45E9D2 /* PicksView.swift in Sources */ = {isa = PBXBuildFile; fileRef = B0A132899FCEFA4EEA36D29C /* PicksView.swift */; };
		89AC0A740B031F1EC1E9A8EF /* MobileModels.swift in Sources */ = {isa = PBXBuildFile; fileRef = 91B337EEEDBB451BC6E00AB4 /* MobileModels.swift */; };
		8E97BF91222D7375C16D5E73 /* ProfileView.swift in Sources */ = {isa = PBXBuildFile; fileRef = 108932C275BE7310F12564D6 /* ProfileView.swift */; };
		93536BF981F4AB3D0F927E63 /* WeekRaceLiveActivity.swift in Sources */ = {isa = PBXBuildFile; fileRef = 2179BCD8A981A0DE60D44783 /* WeekRaceLiveActivity.swift */; };
		99D4DD41909C7CC5E8E3BC96 /* ResultsView.swift in Sources */ = {isa = PBXBuildFile; fileRef = 9FFF5AA4A125BA4DB2905A0D /* ResultsView.swift */; };
		9A252F940F1CAB500025E6B0 /* AnyGivenPickApp.swift in Sources */ = {isa = PBXBuildFile; fileRef = 391D2C9932F5929DD30E1528 /* AnyGivenPickApp.swift */; };
		A79B6FF2D751BBA5D8B4EB29 /* NotificationManager.swift in Sources */ = {isa = PBXBuildFile; fileRef = A1BBF78A6F285530B4DBDB08 /* NotificationManager.swift */; };
		AE06893BED69A37BA9048579 /* MobileModelsTests.swift in Sources */ = {isa = PBXBuildFile; fileRef = B7D198922FFE35B8C1D64AAD /* MobileModelsTests.swift */; };
		BBBF18E8CB7F689ACE5BAEE8 /* APIClient.swift in Sources */ = {isa = PBXBuildFile; fileRef = F6CD14D5781AEA3BF1BA0753 /* APIClient.swift */; };
		C2C20967047F4EAAF94DD6B8 /* WeekRaceAttributes.swift in Sources */ = {isa = PBXBuildFile; fileRef = EF5750423D4BD3D6E210C55A /* WeekRaceAttributes.swift */; };
		C441A7E86293BE3D11821FD5 /* Assets.xcassets in Resources */ = {isa = PBXBuildFile; fileRef = C6A7ECE1E778AB55298205BF /* Assets.xcassets */; };
		D142D1626AE3B19648E7DEBF /* AppConfiguration.swift in Sources */ = {isa = PBXBuildFile; fileRef = 7CE9983C39BAA697AEC99A4A /* AppConfiguration.swift */; };
		D5F0402D352BAEC40B29CB3B /* ClerkKit in Frameworks */ = {isa = PBXBuildFile; productRef = 08065E0CF9311719C772EC23 /* ClerkKit */; };
		E16477DF2DB116E1A524D5D0 /* HomeView.swift in Sources */ = {isa = PBXBuildFile; fileRef = 98BB0E6EFED42B6ABB352F56 /* HomeView.swift */; };
		E5604655FA3D52AED1CFF2AA /* Assets.xcassets in Resources */ = {isa = PBXBuildFile; fileRef = 1D22AEFD071D9D90CC32C34F /* Assets.xcassets */; };
		E8FD86985F006286573395AB /* ClerkKitUI in Frameworks */ = {isa = PBXBuildFile; productRef = 43AF3AAFD10B4CA24AF73333 /* ClerkKitUI */; };
		E9B853610180DF5DBCADE6C3 /* Any Given Pick Widgets.appex in Embed Foundation Extensions */ = {isa = PBXBuildFile; fileRef = B87068BDE0217B21E7E0FC50 /* Any Given Pick Widgets.appex */; settings = {ATTRIBUTES = (RemoveHeadersOnCopy, ); }; };
		F1397E6EDEBEA826507C1591 /* LiveActivityManager.swift in Sources */ = {isa = PBXBuildFile; fileRef = 37EEC0776C66BA5521E0080E /* LiveActivityManager.swift */; };
/* End PBXBuildFile section */

/* Begin PBXContainerItemProxy section */
		6FA8BF4A107B9B5B93468CD2 /* PBXContainerItemProxy */ = {
			isa = PBXContainerItemProxy;
			containerPortal = 43DE3FB19D720CEF246F37CF /* Project object */;
			proxyType = 1;
			remoteGlobalIDString = 8B6265EB0BCE67680D83DF42;
			remoteInfo = AnyGivenPickWidgets;
		};
		E29F052162D6117D4D105A6F /* PBXContainerItemProxy */ = {
			isa = PBXContainerItemProxy;
			containerPortal = 43DE3FB19D720CEF246F37CF /* Project object */;
			proxyType = 1;
			remoteGlobalIDString = 0FCF2F77535EEBCEBC42628E;
			remoteInfo = AnyGivenPick;
		};
/* End PBXContainerItemProxy section */

/* Begin PBXCopyFilesBuildPhase section */
		11702B0A1EFA64E8CC9FA80F /* Embed Foundation Extensions */ = {
			isa = PBXCopyFilesBuildPhase;
			buildActionMask = 2147483647;
			dstPath = "";
			dstSubfolderSpec = 13;
			files = (
				E9B853610180DF5DBCADE6C3 /* Any Given Pick Widgets.appex in Embed Foundation Extensions */,
			);
			name = "Embed Foundation Extensions";
			runOnlyForDeploymentPostprocessing = 0;
		};
/* End PBXCopyFilesBuildPhase section */

/* Begin PBXFileReference section */
		108932C275BE7310F12564D6 /* ProfileView.swift */ = {isa = PBXFileReference; lastKnownFileType = sourcecode.swift; path = ProfileView.swift; sourceTree = "<group>"; };
		1D11044919F40B0205956554 /* HealthStatusTests.swift */ = {isa = PBXFileReference; lastKnownFileType = sourcecode.swift; path = HealthStatusTests.swift; sourceTree = "<group>"; };
		1D22AEFD071D9D90CC32C34F /* Assets.xcassets */ = {isa = PBXFileReference; lastKnownFileType = folder.assetcatalog; path = Assets.xcassets; sourceTree = "<group>"; };
		2179BCD8A981A0DE60D44783 /* WeekRaceLiveActivity.swift */ = {isa = PBXFileReference; lastKnownFileType = sourcecode.swift; path = WeekRaceLiveActivity.swift; sourceTree = "<group>"; };
		29EF169E1EBCFA88C0BE85EC /* AnyGivenPickTests.xctest */ = {isa = PBXFileReference; explicitFileType = wrapper.cfbundle; includeInIndex = 0; path = AnyGivenPickTests.xctest; sourceTree = BUILT_PRODUCTS_DIR; };
		2B030758FC7800DDD107EABA /* AppShellView.swift */ = {isa = PBXFileReference; lastKnownFileType = sourcecode.swift; path = AppShellView.swift; sourceTree = "<group>"; };
		34BA1EB628624EBA9E30629A /* Info.plist */ = {isa = PBXFileReference; lastKnownFileType = text.plist; path = Info.plist; sourceTree = "<group>"; };
		37EEC0776C66BA5521E0080E /* LiveActivityManager.swift */ = {isa = PBXFileReference; lastKnownFileType = sourcecode.swift; path = LiveActivityManager.swift; sourceTree = "<group>"; };
		3854C7BB6DFA0F778CB80CF4 /* AnyGivenPick.app */ = {isa = PBXFileReference; explicitFileType = wrapper.application; includeInIndex = 0; path = AnyGivenPick.app; sourceTree = BUILT_PRODUCTS_DIR; };
		391D2C9932F5929DD30E1528 /* AnyGivenPickApp.swift */ = {isa = PBXFileReference; lastKnownFileType = sourcecode.swift; path = AnyGivenPickApp.swift; sourceTree = "<group>"; };
		4C6D47BAB8D082728F0170A6 /* AnyGivenPickWidgets.swift */ = {isa = PBXFileReference; lastKnownFileType = sourcecode.swift; path = AnyGivenPickWidgets.swift; sourceTree = "<group>"; };
		60436C093789ABD0B0239172 /* AppRootView.swift */ = {isa = PBXFileReference; lastKnownFileType = sourcecode.swift; path = AppRootView.swift; sourceTree = "<group>"; };
		754FB947C6309A9EDBE3690C /* Info.plist */ = {isa = PBXFileReference; lastKnownFileType = text.plist; path = Info.plist; sourceTree = "<group>"; };
		7CE9983C39BAA697AEC99A4A /* AppConfiguration.swift */ = {isa = PBXFileReference; lastKnownFileType = sourcecode.swift; path = AppConfiguration.swift; sourceTree = "<group>"; };
		87D7E9343A274EF20CD248AE /* AGPTheme.swift */ = {isa = PBXFileReference; lastKnownFileType = sourcecode.swift; path = AGPTheme.swift; sourceTree = "<group>"; };
		91B337EEEDBB451BC6E00AB4 /* MobileModels.swift */ = {isa = PBXFileReference; lastKnownFileType = sourcecode.swift; path = MobileModels.swift; sourceTree = "<group>"; };
		9365E53149CE22F534749758 /* AppModel.swift */ = {isa = PBXFileReference; lastKnownFileType = sourcecode.swift; path = AppModel.swift; sourceTree = "<group>"; };
		98BB0E6EFED42B6ABB352F56 /* HomeView.swift */ = {isa = PBXFileReference; lastKnownFileType = sourcecode.swift; path = HomeView.swift; sourceTree = "<group>"; };
		9FFF5AA4A125BA4DB2905A0D /* ResultsView.swift */ = {isa = PBXFileReference; lastKnownFileType = sourcecode.swift; path = ResultsView.swift; sourceTree = "<group>"; };
		A1BBF78A6F285530B4DBDB08 /* NotificationManager.swift */ = {isa = PBXFileReference; lastKnownFileType = sourcecode.swift; path = NotificationManager.swift; sourceTree = "<group>"; };
		B0A132899FCEFA4EEA36D29C /* PicksView.swift */ = {isa = PBXFileReference; lastKnownFileType = sourcecode.swift; path = PicksView.swift; sourceTree = "<group>"; };
		B7D198922FFE35B8C1D64AAD /* MobileModelsTests.swift */ = {isa = PBXFileReference; lastKnownFileType = sourcecode.swift; path = MobileModelsTests.swift; sourceTree = "<group>"; };
		B87068BDE0217B21E7E0FC50 /* Any Given Pick Widgets.appex */ = {isa = PBXFileReference; explicitFileType = "wrapper.app-extension"; includeInIndex = 0; path = "Any Given Pick Widgets.appex"; sourceTree = BUILT_PRODUCTS_DIR; };
		C6A7ECE1E778AB55298205BF /* Assets.xcassets */ = {isa = PBXFileReference; lastKnownFileType = folder.assetcatalog; path = Assets.xcassets; sourceTree = "<group>"; };
		EF5750423D4BD3D6E210C55A /* WeekRaceAttributes.swift */ = {isa = PBXFileReference; lastKnownFileType = sourcecode.swift; path = WeekRaceAttributes.swift; sourceTree = "<group>"; };
		F6CD14D5781AEA3BF1BA0753 /* APIClient.swift */ = {isa = PBXFileReference; lastKnownFileType = sourcecode.swift; path = APIClient.swift; sourceTree = "<group>"; };
/* End PBXFileReference section */

/* Begin PBXFrameworksBuildPhase section */
		4E4006DD9F6EA57EFEE8AF69 /* Frameworks */ = {
			isa = PBXFrameworksBuildPhase;
			buildActionMask = 2147483647;
			files = (
				D5F0402D352BAEC40B29CB3B /* ClerkKit in Frameworks */,
				E8FD86985F006286573395AB /* ClerkKitUI in Frameworks */,
			);
			runOnlyForDeploymentPostprocessing = 0;
		};
/* End PBXFrameworksBuildPhase section */

/* Begin PBXGroup section */
		183AFBDFC895042D045B6627 /* Picks */ = {
			isa = PBXGroup;
			children = (
				B0A132899FCEFA4EEA36D29C /* PicksView.swift */,
			);
			path = Picks;
			sourceTree = "<group>";
		};
		1EA096965EB0B0BD51BD7D2A /* Resources */ = {
			isa = PBXGroup;
			children = (
				1D22AEFD071D9D90CC32C34F /* Assets.xcassets */,
			);
			path = Resources;
			sourceTree = "<group>";
		};
		6B943FCDB7B787C92E066308 /* AnyGivenPick */ = {
			isa = PBXGroup;
			children = (
				391D2C9932F5929DD30E1528 /* AnyGivenPickApp.swift */,
				9365E53149CE22F534749758 /* AppModel.swift */,
				2B030758FC7800DDD107EABA /* AppShellView.swift */,
				754FB947C6309A9EDBE3690C /* Info.plist */,
				7DB7F3F6A54C07C24035FD8C /* Authentication */,
				DAA3B847D711FC86E4774532 /* Design */,
				F854B4AD7956DF1FDF4A6D84 /* Features */,
				857CB6CCCAA1B9D5B1FE214F /* Models */,
				9C84F48E858827AA212B9F30 /* Resources */,
				D813546B22B17D09B4993BE8 /* Services */,
			);
			path = AnyGivenPick;
			sourceTree = "<group>";
		};
		739E01269F93A5B556C5628D /* AnyGivenPickWidgets */ = {
			isa = PBXGroup;
			children = (
				4C6D47BAB8D082728F0170A6 /* AnyGivenPickWidgets.swift */,
				34BA1EB628624EBA9E30629A /* Info.plist */,
				2179BCD8A981A0DE60D44783 /* WeekRaceLiveActivity.swift */,
				1EA096965EB0B0BD51BD7D2A /* Resources */,
			);
			path = AnyGivenPickWidgets;
			sourceTree = "<group>";
		};
		7DB7F3F6A54C07C24035FD8C /* Authentication */ = {
			isa = PBXGroup;
			children = (
				7CE9983C39BAA697AEC99A4A /* AppConfiguration.swift */,
				60436C093789ABD0B0239172 /* AppRootView.swift */,
			);
			path = Authentication;
			sourceTree = "<group>";
		};
		857CB6CCCAA1B9D5B1FE214F /* Models */ = {
			isa = PBXGroup;
			children = (
				91B337EEEDBB451BC6E00AB4 /* MobileModels.swift */,
			);
			path = Models;
			sourceTree = "<group>";
		};
		8F570C105492D2E5C5492123 = {
			isa = PBXGroup;
			children = (
				6B943FCDB7B787C92E066308 /* AnyGivenPick */,
				9A192A8E297F266197B555F1 /* AnyGivenPickTests */,
				739E01269F93A5B556C5628D /* AnyGivenPickWidgets */,
				CF010DF512E3CDB2CBBDE46E /* Shared */,
				D6A4C1C1E64FAB22BDE81FB8 /* Products */,
			);
			sourceTree = "<group>";
		};
		9A192A8E297F266197B555F1 /* AnyGivenPickTests */ = {
			isa = PBXGroup;
			children = (
				1D11044919F40B0205956554 /* HealthStatusTests.swift */,
				B7D198922FFE35B8C1D64AAD /* MobileModelsTests.swift */,
			);
			path = AnyGivenPickTests;
			sourceTree = "<group>";
		};
		9B09246E5576285A687175D0 /* Profile */ = {
			isa = PBXGroup;
			children = (
				108932C275BE7310F12564D6 /* ProfileView.swift */,
			);
			path = Profile;
			sourceTree = "<group>";
		};
		9C84F48E858827AA212B9F30 /* Resources */ = {
			isa = PBXGroup;
			children = (
				C6A7ECE1E778AB55298205BF /* Assets.xcassets */,
			);
			path = Resources;
			sourceTree = "<group>";
		};
		C787E196EC0DB5261C32F44C /* Results */ = {
			isa = PBXGroup;
			children = (
				9FFF5AA4A125BA4DB2905A0D /* ResultsView.swift */,
			);
			path = Results;
			sourceTree = "<group>";
		};
		CF010DF512E3CDB2CBBDE46E /* Shared */ = {
			isa = PBXGroup;
			children = (
				EF5750423D4BD3D6E210C55A /* WeekRaceAttributes.swift */,
			);
			path = Shared;
			sourceTree = "<group>";
		};
		D6A4C1C1E64FAB22BDE81FB8 /* Products */ = {
			isa = PBXGroup;
			children = (
				3854C7BB6DFA0F778CB80CF4 /* AnyGivenPick.app */,
				29EF169E1EBCFA88C0BE85EC /* AnyGivenPickTests.xctest */,
				B87068BDE0217B21E7E0FC50 /* Any Given Pick Widgets.appex */,
			);
			name = Products;
			sourceTree = "<group>";
		};
		D813546B22B17D09B4993BE8 /* Services */ = {
			isa = PBXGroup;
			children = (
				F6CD14D5781AEA3BF1BA0753 /* APIClient.swift */,
				37EEC0776C66BA5521E0080E /* LiveActivityManager.swift */,
				A1BBF78A6F285530B4DBDB08 /* NotificationManager.swift */,
			);
			path = Services;
			sourceTree = "<group>";
		};
		DAA3B847D711FC86E4774532 /* Design */ = {
			isa = PBXGroup;
			children = (
				87D7E9343A274EF20CD248AE /* AGPTheme.swift */,
			);
			path = Design;
			sourceTree = "<group>";
		};
		E56EAA2E7BBD9C0D9615EBA2 /* Home */ = {
			isa = PBXGroup;
			children = (
				98BB0E6EFED42B6ABB352F56 /* HomeView.swift */,
			);
			path = Home;
			sourceTree = "<group>";
		};
		F854B4AD7956DF1FDF4A6D84 /* Features */ = {
			isa = PBXGroup;
			children = (
				E56EAA2E7BBD9C0D9615EBA2 /* Home */,
				183AFBDFC895042D045B6627 /* Picks */,
				9B09246E5576285A687175D0 /* Profile */,
				C787E196EC0DB5261C32F44C /* Results */,
			);
			path = Features;
			sourceTree = "<group>";
		};
/* End PBXGroup section */

/* Begin PBXNativeTarget section */
		0FCF2F77535EEBCEBC42628E /* AnyGivenPick */ = {
			isa = PBXNativeTarget;
			buildConfigurationList = 7DE3BDF4E0D25C3EE408302E /* Build configuration list for PBXNativeTarget "AnyGivenPick" */;
			buildPhases = (
				3690297193422C956AF0BDF4 /* Sources */,
				E6CF9854399787A445863444 /* Resources */,
				4E4006DD9F6EA57EFEE8AF69 /* Frameworks */,
				11702B0A1EFA64E8CC9FA80F /* Embed Foundation Extensions */,
			);
			buildRules = (
			);
			dependencies = (
				39863BE42ED9E35ED177F36F /* PBXTargetDependency */,
			);
			name = AnyGivenPick;
			packageProductDependencies = (
				08065E0CF9311719C772EC23 /* ClerkKit */,
				43AF3AAFD10B4CA24AF73333 /* ClerkKitUI */,
			);
			productName = AnyGivenPick;
			productReference = 3854C7BB6DFA0F778CB80CF4 /* AnyGivenPick.app */;
			productType = "com.apple.product-type.application";
		};
		50119174A14974A2F5607F9A /* AnyGivenPickTests */ = {
			isa = PBXNativeTarget;
			buildConfigurationList = B7B65B818F23CC833A30C511 /* Build configuration list for PBXNativeTarget "AnyGivenPickTests" */;
			buildPhases = (
				38E298B96CF5E8E5E984C542 /* Sources */,
			);
			buildRules = (
			);
			dependencies = (
				0F7FB90B0AB80AEAAAF0F0DE /* PBXTargetDependency */,
			);
			name = AnyGivenPickTests;
			packageProductDependencies = (
			);
			productName = AnyGivenPickTests;
			productReference = 29EF169E1EBCFA88C0BE85EC /* AnyGivenPickTests.xctest */;
			productType = "com.apple.product-type.bundle.unit-test";
		};
		8B6265EB0BCE67680D83DF42 /* AnyGivenPickWidgets */ = {
			isa = PBXNativeTarget;
			buildConfigurationList = E4ADB7FAE8F963A1B0A2DD77 /* Build configuration list for PBXNativeTarget "AnyGivenPickWidgets" */;
			buildPhases = (
				1CC68139275156B054BF7E1E /* Sources */,
				FA4D798062EABDBCC7165838 /* Resources */,
			);
			buildRules = (
			);
			dependencies = (
			);
			name = AnyGivenPickWidgets;
			packageProductDependencies = (
			);
			productName = AnyGivenPickWidgets;
			productReference = B87068BDE0217B21E7E0FC50 /* Any Given Pick Widgets.appex */;
			productType = "com.apple.product-type.app-extension";
		};
/* End PBXNativeTarget section */

/* Begin PBXProject section */
		43DE3FB19D720CEF246F37CF /* Project object */ = {
			isa = PBXProject;
			attributes = {
				BuildIndependentTargetsInParallel = YES;
				LastUpgradeCheck = 2700;
				TargetAttributes = {
					0FCF2F77535EEBCEBC42628E = {
						DevelopmentTeam = 225457KEGM;
						ProvisioningStyle = Automatic;
					};
					50119174A14974A2F5607F9A = {
						DevelopmentTeam = 225457KEGM;
						ProvisioningStyle = Automatic;
					};
					8B6265EB0BCE67680D83DF42 = {
						DevelopmentTeam = 225457KEGM;
						ProvisioningStyle = Automatic;
					};
				};
			};
			buildConfigurationList = 46483B2E0A120080C4DA924F /* Build configuration list for PBXProject "AnyGivenPick" */;
			developmentRegion = en;
			hasScannedForEncodings = 0;
			knownRegions = (
				Base,
				en,
			);
			mainGroup = 8F570C105492D2E5C5492123;
			minimizedProjectReferenceProxies = 1;
			packageReferences = (
				7480F97F71B8E5832EF95705 /* XCRemoteSwiftPackageReference "clerk-ios" */,
			);
			preferredProjectObjectVersion = 77;
			productRefGroup = D6A4C1C1E64FAB22BDE81FB8 /* Products */;
			projectDirPath = "";
			projectRoot = "";
			targets = (
				0FCF2F77535EEBCEBC42628E /* AnyGivenPick */,
				8B6265EB0BCE67680D83DF42 /* AnyGivenPickWidgets */,
				50119174A14974A2F5607F9A /* AnyGivenPickTests */,
			);
		};
/* End PBXProject section */

/* Begin PBXResourcesBuildPhase section */
		E6CF9854399787A445863444 /* Resources */ = {
			isa = PBXResourcesBuildPhase;
			buildActionMask = 2147483647;
			files = (
				C441A7E86293BE3D11821FD5 /* Assets.xcassets in Resources */,
			);
			runOnlyForDeploymentPostprocessing = 0;
		};
		FA4D798062EABDBCC7165838 /* Resources */ = {
			isa = PBXResourcesBuildPhase;
			buildActionMask = 2147483647;
			files = (
				E5604655FA3D52AED1CFF2AA /* Assets.xcassets in Resources */,
			);
			runOnlyForDeploymentPostprocessing = 0;
		};
/* End PBXResourcesBuildPhase section */

/* Begin PBXSourcesBuildPhase section */
		1CC68139275156B054BF7E1E /* Sources */ = {
			isa = PBXSourcesBuildPhase;
			buildActionMask = 2147483647;
			files = (
				1B7D1AA8FF3FD1E54A0CB586 /* AnyGivenPickWidgets.swift in Sources */,
				C2C20967047F4EAAF94DD6B8 /* WeekRaceAttributes.swift in Sources */,
				93536BF981F4AB3D0F927E63 /* WeekRaceLiveActivity.swift in Sources */,
			);
			runOnlyForDeploymentPostprocessing = 0;
		};
		3690297193422C956AF0BDF4 /* Sources */ = {
			isa = PBXSourcesBuildPhase;
			buildActionMask = 2147483647;
			files = (
				41A375539F49CE794D94CC6E /* AGPTheme.swift in Sources */,
				BBBF18E8CB7F689ACE5BAEE8 /* APIClient.swift in Sources */,
				9A252F940F1CAB500025E6B0 /* AnyGivenPickApp.swift in Sources */,
				D142D1626AE3B19648E7DEBF /* AppConfiguration.swift in Sources */,
				483CBA3A3B6B213C19E35619 /* AppModel.swift in Sources */,
				41205106C1C16DBA805FF49C /* AppRootView.swift in Sources */,
				5A6ADC169666CEFF04DF3AA2 /* AppShellView.swift in Sources */,
				E16477DF2DB116E1A524D5D0 /* HomeView.swift in Sources */,
				F1397E6EDEBEA826507C1591 /* LiveActivityManager.swift in Sources */,
				89AC0A740B031F1EC1E9A8EF /* MobileModels.swift in Sources */,
				A79B6FF2D751BBA5D8B4EB29 /* NotificationManager.swift in Sources */,
				7A552194C544D13FAE45E9D2 /* PicksView.swift in Sources */,
				8E97BF91222D7375C16D5E73 /* ProfileView.swift in Sources */,
				99D4DD41909C7CC5E8E3BC96 /* ResultsView.swift in Sources */,
				097B85B7F8800003F460BB38 /* WeekRaceAttributes.swift in Sources */,
			);
			runOnlyForDeploymentPostprocessing = 0;
		};
		38E298B96CF5E8E5E984C542 /* Sources */ = {
			isa = PBXSourcesBuildPhase;
			buildActionMask = 2147483647;
			files = (
				2D0D84D420A26042EF7674ED /* HealthStatusTests.swift in Sources */,
				AE06893BED69A37BA9048579 /* MobileModelsTests.swift in Sources */,
			);
			runOnlyForDeploymentPostprocessing = 0;
		};
/* End PBXSourcesBuildPhase section */

/* Begin PBXTargetDependency section */
		0F7FB90B0AB80AEAAAF0F0DE /* PBXTargetDependency */ = {
			isa = PBXTargetDependency;
			target = 0FCF2F77535EEBCEBC42628E /* AnyGivenPick */;
			targetProxy = E29F052162D6117D4D105A6F /* PBXContainerItemProxy */;
		};
		39863BE42ED9E35ED177F36F /* PBXTargetDependency */ = {
			isa = PBXTargetDependency;
			target = 8B6265EB0BCE67680D83DF42 /* AnyGivenPickWidgets */;
			targetProxy = 6FA8BF4A107B9B5B93468CD2 /* PBXContainerItemProxy */;
		};
/* End PBXTargetDependency section */

/* Begin XCBuildConfiguration section */
		131194E2398C965807450BF1 /* Release */ = {
			isa = XCBuildConfiguration;
			buildSettings = {
				APPLICATION_EXTENSION_API_ONLY = YES;
				INFOPLIST_FILE = AnyGivenPickWidgets/Info.plist;
				LD_RUNPATH_SEARCH_PATHS = (
					"$(inherited)",
					"@executable_path/Frameworks",
					"@executable_path/../../Frameworks",
				);
				PRODUCT_BUNDLE_IDENTIFIER = app.anygivenpick.ios.widgets;
				PRODUCT_NAME = "Any Given Pick Widgets";
				SDKROOT = iphoneos;
				SKIP_INSTALL = YES;
				SUPPORTS_MACCATALYST = NO;
				TARGETED_DEVICE_FAMILY = 1;
			};
			name = Release;
		};
		1D12CF9C2C9321F371DAEDB0 /* Debug */ = {
			isa = XCBuildConfiguration;
			buildSettings = {
				APPLICATION_EXTENSION_API_ONLY = YES;
				INFOPLIST_FILE = AnyGivenPickWidgets/Info.plist;
				LD_RUNPATH_SEARCH_PATHS = (
					"$(inherited)",
					"@executable_path/Frameworks",
					"@executable_path/../../Frameworks",
				);
				PRODUCT_BUNDLE_IDENTIFIER = app.anygivenpick.ios.widgets;
				PRODUCT_NAME = "Any Given Pick Widgets";
				SDKROOT = iphoneos;
				SKIP_INSTALL = YES;
				SUPPORTS_MACCATALYST = NO;
				TARGETED_DEVICE_FAMILY = 1;
			};
			name = Debug;
		};
		619610A23E1965C9EAB69B02 /* Debug */ = {
			isa = XCBuildConfiguration;
			buildSettings = {
				BUNDLE_LOADER = "$(TEST_HOST)";
				GENERATE_INFOPLIST_FILE = YES;
				LD_RUNPATH_SEARCH_PATHS = (
					"$(inherited)",
					"@executable_path/Frameworks",
					"@loader_path/Frameworks",
				);
				PRODUCT_BUNDLE_IDENTIFIER = app.anygivenpick.ios.tests;
				SDKROOT = iphoneos;
				TARGETED_DEVICE_FAMILY = "1,2";
				TEST_HOST = "$(BUILT_PRODUCTS_DIR)/AnyGivenPick.app/AnyGivenPick";
			};
			name = Debug;
		};
		65D974DFBD214E7AA9A48A1F /* Debug */ = {
			isa = XCBuildConfiguration;
			buildSettings = {
				ASSETCATALOG_COMPILER_APPICON_NAME = AppIcon;
				ASSETCATALOG_COMPILER_GLOBAL_ACCENT_COLOR_NAME = AccentColor;
				CODE_SIGN_IDENTITY = "iPhone Developer";
				INFOPLIST_FILE = AnyGivenPick/Info.plist;
				LD_RUNPATH_SEARCH_PATHS = (
					"$(inherited)",
					"@executable_path/Frameworks",
				);
				PRODUCT_BUNDLE_IDENTIFIER = app.anygivenpick.ios;
				PRODUCT_NAME = AnyGivenPick;
				SDKROOT = iphoneos;
				SUPPORTS_MACCATALYST = NO;
				TARGETED_DEVICE_FAMILY = 1;
			};
			name = Debug;
		};
		B473BD3B3E80B3B0EE7041F7 /* Release */ = {
			isa = XCBuildConfiguration;
			buildSettings = {
				ASSETCATALOG_COMPILER_APPICON_NAME = AppIcon;
				ASSETCATALOG_COMPILER_GLOBAL_ACCENT_COLOR_NAME = AccentColor;
				CODE_SIGN_IDENTITY = "iPhone Developer";
				INFOPLIST_FILE = AnyGivenPick/Info.plist;
				LD_RUNPATH_SEARCH_PATHS = (
					"$(inherited)",
					"@executable_path/Frameworks",
				);
				PRODUCT_BUNDLE_IDENTIFIER = app.anygivenpick.ios;
				PRODUCT_NAME = AnyGivenPick;
				SDKROOT = iphoneos;
				SUPPORTS_MACCATALYST = NO;
				TARGETED_DEVICE_FAMILY = 1;
			};
			name = Release;
		};
		C34A11A27B62294F83C94B4A /* Release */ = {
			isa = XCBuildConfiguration;
			buildSettings = {
				ALWAYS_SEARCH_USER_PATHS = NO;
				CLANG_ANALYZER_NONNULL = YES;
				CLANG_ANALYZER_NUMBER_OBJECT_CONVERSION = YES_AGGRESSIVE;
				CLANG_CXX_LANGUAGE_STANDARD = "gnu++14";
				CLANG_CXX_LIBRARY = "libc++";
				CLANG_ENABLE_MODULES = YES;
				CLANG_ENABLE_OBJC_ARC = YES;
				CLANG_ENABLE_OBJC_WEAK = YES;
				CLANG_WARN_BLOCK_CAPTURE_AUTORELEASING = YES;
				CLANG_WARN_BOOL_CONVERSION = YES;
				CLANG_WARN_COMMA = YES;
				CLANG_WARN_CONSTANT_CONVERSION = YES;
				CLANG_WARN_DEPRECATED_OBJC_IMPLEMENTATIONS = YES;
				CLANG_WARN_DIRECT_OBJC_ISA_USAGE = YES_ERROR;
				CLANG_WARN_DOCUMENTATION_COMMENTS = YES;
				CLANG_WARN_EMPTY_BODY = YES;
				CLANG_WARN_ENUM_CONVERSION = YES;
				CLANG_WARN_INFINITE_RECURSION = YES;
				CLANG_WARN_INT_CONVERSION = YES;
				CLANG_WARN_NON_LITERAL_NULL_CONVERSION = YES;
				CLANG_WARN_OBJC_IMPLICIT_RETAIN_SELF = YES;
				CLANG_WARN_OBJC_LITERAL_CONVERSION = YES;
				CLANG_WARN_OBJC_ROOT_CLASS = YES_ERROR;
				CLANG_WARN_QUOTED_INCLUDE_IN_FRAMEWORK_HEADER = YES;
				CLANG_WARN_RANGE_LOOP_ANALYSIS = YES;
				CLANG_WARN_STRICT_PROTOTYPES = YES;
				CLANG_WARN_SUSPICIOUS_MOVE = YES;
				CLANG_WARN_UNGUARDED_AVAILABILITY = YES_AGGRESSIVE;
				CLANG_WARN_UNREACHABLE_CODE = YES;
				CLANG_WARN__DUPLICATE_METHOD_MATCH = YES;
				CODE_SIGN_STYLE = Automatic;
				COPY_PHASE_STRIP = NO;
				CURRENT_PROJECT_VERSION = 1;
				DEBUG_INFORMATION_FORMAT = "dwarf-with-dsym";
				DEVELOPMENT_TEAM = 225457KEGM;
				ENABLE_NS_ASSERTIONS = NO;
				ENABLE_STRICT_OBJC_MSGSEND = YES;
				ENABLE_USER_SCRIPT_SANDBOXING = YES;
				GCC_C_LANGUAGE_STANDARD = gnu11;
				GCC_NO_COMMON_BLOCKS = YES;
				GCC_WARN_64_TO_32_BIT_CONVERSION = YES;
				GCC_WARN_ABOUT_RETURN_TYPE = YES_ERROR;
				GCC_WARN_UNDECLARED_SELECTOR = YES;
				GCC_WARN_UNINITIALIZED_AUTOS = YES_AGGRESSIVE;
				GCC_WARN_UNUSED_FUNCTION = YES;
				GCC_WARN_UNUSED_VARIABLE = YES;
				IPHONEOS_DEPLOYMENT_TARGET = 17.0;
				MARKETING_VERSION = 0.1.0;
				MTL_ENABLE_DEBUG_INFO = NO;
				MTL_FAST_MATH = YES;
				PRODUCT_NAME = "$(TARGET_NAME)";
				SDKROOT = iphoneos;
				STRING_CATALOG_GENERATE_SYMBOLS = YES;
				SWIFT_COMPILATION_MODE = wholemodule;
				SWIFT_OPTIMIZATION_LEVEL = "-O";
				SWIFT_VERSION = 6.0;
			};
			name = Release;
		};
		E2AF2C500EEAB5433AB56CE8 /* Release */ = {
			isa = XCBuildConfiguration;
			buildSettings = {
				BUNDLE_LOADER = "$(TEST_HOST)";
				GENERATE_INFOPLIST_FILE = YES;
				LD_RUNPATH_SEARCH_PATHS = (
					"$(inherited)",
					"@executable_path/Frameworks",
					"@loader_path/Frameworks",
				);
				PRODUCT_BUNDLE_IDENTIFIER = app.anygivenpick.ios.tests;
				SDKROOT = iphoneos;
				TARGETED_DEVICE_FAMILY = "1,2";
				TEST_HOST = "$(BUILT_PRODUCTS_DIR)/AnyGivenPick.app/AnyGivenPick";
			};
			name = Release;
		};
		F069E5D5BC401A7A4932B510 /* Debug */ = {
			isa = XCBuildConfiguration;
			buildSettings = {
				ALWAYS_SEARCH_USER_PATHS = NO;
				CLANG_ANALYZER_NONNULL = YES;
				CLANG_ANALYZER_NUMBER_OBJECT_CONVERSION = YES_AGGRESSIVE;
				CLANG_CXX_LANGUAGE_STANDARD = "gnu++14";
				CLANG_CXX_LIBRARY = "libc++";
				CLANG_ENABLE_MODULES = YES;
				CLANG_ENABLE_OBJC_ARC = YES;
				CLANG_ENABLE_OBJC_WEAK = YES;
				CLANG_WARN_BLOCK_CAPTURE_AUTORELEASING = YES;
				CLANG_WARN_BOOL_CONVERSION = YES;
				CLANG_WARN_COMMA = YES;
				CLANG_WARN_CONSTANT_CONVERSION = YES;
				CLANG_WARN_DEPRECATED_OBJC_IMPLEMENTATIONS = YES;
				CLANG_WARN_DIRECT_OBJC_ISA_USAGE = YES_ERROR;
				CLANG_WARN_DOCUMENTATION_COMMENTS = YES;
				CLANG_WARN_EMPTY_BODY = YES;
				CLANG_WARN_ENUM_CONVERSION = YES;
				CLANG_WARN_INFINITE_RECURSION = YES;
				CLANG_WARN_INT_CONVERSION = YES;
				CLANG_WARN_NON_LITERAL_NULL_CONVERSION = YES;
				CLANG_WARN_OBJC_IMPLICIT_RETAIN_SELF = YES;
				CLANG_WARN_OBJC_LITERAL_CONVERSION = YES;
				CLANG_WARN_OBJC_ROOT_CLASS = YES_ERROR;
				CLANG_WARN_QUOTED_INCLUDE_IN_FRAMEWORK_HEADER = YES;
				CLANG_WARN_RANGE_LOOP_ANALYSIS = YES;
				CLANG_WARN_STRICT_PROTOTYPES = YES;
				CLANG_WARN_SUSPICIOUS_MOVE = YES;
				CLANG_WARN_UNGUARDED_AVAILABILITY = YES_AGGRESSIVE;
				CLANG_WARN_UNREACHABLE_CODE = YES;
				CLANG_WARN__DUPLICATE_METHOD_MATCH = YES;
				CODE_SIGN_STYLE = Automatic;
				COPY_PHASE_STRIP = NO;
				CURRENT_PROJECT_VERSION = 1;
				DEBUG_INFORMATION_FORMAT = dwarf;
				DEVELOPMENT_TEAM = 225457KEGM;
				ENABLE_STRICT_OBJC_MSGSEND = YES;
				ENABLE_TESTABILITY = YES;
				ENABLE_USER_SCRIPT_SANDBOXING = YES;
				GCC_C_LANGUAGE_STANDARD = gnu11;
				GCC_DYNAMIC_NO_PIC = NO;
				GCC_NO_COMMON_BLOCKS = YES;
				GCC_OPTIMIZATION_LEVEL = 0;
				GCC_PREPROCESSOR_DEFINITIONS = (
					"$(inherited)",
					"DEBUG=1",
				);
				GCC_WARN_64_TO_32_BIT_CONVERSION = YES;
				GCC_WARN_ABOUT_RETURN_TYPE = YES_ERROR;
				GCC_WARN_UNDECLARED_SELECTOR = YES;
				GCC_WARN_UNINITIALIZED_AUTOS = YES_AGGRESSIVE;
				GCC_WARN_UNUSED_FUNCTION = YES;
				GCC_WARN_UNUSED_VARIABLE = YES;
				IPHONEOS_DEPLOYMENT_TARGET = 17.0;
				MARKETING_VERSION = 0.1.0;
				MTL_ENABLE_DEBUG_INFO = INCLUDE_SOURCE;
				MTL_FAST_MATH = YES;
				ONLY_ACTIVE_ARCH = YES;
				PRODUCT_NAME = "$(TARGET_NAME)";
				SDKROOT = iphoneos;
				STRING_CATALOG_GENERATE_SYMBOLS = YES;
				SWIFT_ACTIVE_COMPILATION_CONDITIONS = DEBUG;
				SWIFT_OPTIMIZATION_LEVEL = "-Onone";
				SWIFT_VERSION = 6.0;
			};
			name = Debug;
		};
/* End XCBuildConfiguration section */

/* Begin XCConfigurationList section */
		46483B2E0A120080C4DA924F /* Build configuration list for PBXProject "AnyGivenPick" */ = {
			isa = XCConfigurationList;
			buildConfigurations = (
				F069E5D5BC401A7A4932B510 /* Debug */,
				C34A11A27B62294F83C94B4A /* Release */,
			);
			defaultConfigurationIsVisible = 0;
			defaultConfigurationName = Debug;
		};
		7DE3BDF4E0D25C3EE408302E /* Build configuration list for PBXNativeTarget "AnyGivenPick" */ = {
			isa = XCConfigurationList;
			buildConfigurations = (
				65D974DFBD214E7AA9A48A1F /* Debug */,
				B473BD3B3E80B3B0EE7041F7 /* Release */,
			);
			defaultConfigurationIsVisible = 0;
			defaultConfigurationName = Debug;
		};
		B7B65B818F23CC833A30C511 /* Build configuration list for PBXNativeTarget "AnyGivenPickTests" */ = {
			isa = XCConfigurationList;
			buildConfigurations = (
				619610A23E1965C9EAB69B02 /* Debug */,
				E2AF2C500EEAB5433AB56CE8 /* Release */,
			);
			defaultConfigurationIsVisible = 0;
			defaultConfigurationName = Debug;
		};
		E4ADB7FAE8F963A1B0A2DD77 /* Build configuration list for PBXNativeTarget "AnyGivenPickWidgets" */ = {
			isa = XCConfigurationList;
			buildConfigurations = (
				1D12CF9C2C9321F371DAEDB0 /* Debug */,
				131194E2398C965807450BF1 /* Release */,
			);
			defaultConfigurationIsVisible = 0;
			defaultConfigurationName = Debug;
		};
/* End XCConfigurationList section */

/* Begin XCRemoteSwiftPackageReference section */
		7480F97F71B8E5832EF95705 /* XCRemoteSwiftPackageReference "clerk-ios" */ = {
			isa = XCRemoteSwiftPackageReference;
			repositoryURL = "https://github.com/clerk/clerk-ios";
			requirement = {
				kind = upToNextMajorVersion;
				minimumVersion = 1.2.0;
			};
		};
/* End XCRemoteSwiftPackageReference section */

/* Begin XCSwiftPackageProductDependency section */
		08065E0CF9311719C772EC23 /* ClerkKit */ = {
			isa = XCSwiftPackageProductDependency;
			package = 7480F97F71B8E5832EF95705 /* XCRemoteSwiftPackageReference "clerk-ios" */;
			productName = ClerkKit;
		};
		43AF3AAFD10B4CA24AF73333 /* ClerkKitUI */ = {
			isa = XCSwiftPackageProductDependency;
			package = 7480F97F71B8E5832EF95705 /* XCRemoteSwiftPackageReference "clerk-ios" */;
			productName = ClerkKitUI;
		};
/* End XCSwiftPackageProductDependency section */
	};
	rootObject = 43DE3FB19D720CEF246F37CF /* Project object */;
}
